{
  "lockfile-version": 1,
  "manifest": {
    "version": 1,
    "install": {
      "eza": {
        "pkg-path": "eza"
      },
      "fastfetch": {
        "pkg-path": "fastfetch"
      },
      "git-lfs": {
        "pkg-path": "git-lfs"
      },
      "hidden-bar": {
        "pkg-path": "hidden-bar",
        "systems": [
          "aarch64-darwin",
          "x86_64-darwin"
        ]
      },
      "neovim": {
        "pkg-path": "neovim"
      },
      "oh-my-posh": {
        "pkg-path": "oh-my-posh"
      },
      "openssl": {
        "pkg-path": "openssl"
      },
      "ripgrep": {
        "pkg-path": "ripgrep"
      },
      "utf8proc": {
        "pkg-path": "utf8proc"
      }
    },
    "hook": {},
    "profile": {},
    "options": {
      "systems": [
        "aarch64-darwin",
        "aarch64-linux",
        "x86_64-darwin",
        "x86_64-linux"
      ],
      "allow": {
        "licenses": []
      },
      "semver": {}
    }
  },
  "packages": [
    {
      "attr_path": "eza",
      "broken": false,
      "derivation": "/nix/store/gdf9zl8m0byfkqpkhb3clf25k9p8lnqr-eza-0.21.0.drv",
      "description": "Modern, maintained replacement for ls",
      "install_id": "eza",
      "license": "EUPL-1.2",
      "locked_url": "https://github.com/flox/nixpkgs?rev=2631b0b7abcea6e640ce31cd78ea58910d31e650",
      "name": "eza-0.21.0",
      "pname": "eza",
      "rev": "2631b0b7abcea6e640ce31cd78ea58910d31e650",
      "rev_count": 782401,
      "rev_date": "2025-04-12T13:19:24Z",
      "scrape_date": "2025-04-14T01:11:24.886826Z",
      "stabilities": [
        "unstable"
      ],
      "unfree": false,
      "version": "0.21.0",
      "outputs_to_install": [
        "man",
        "out"
      ],
      "outputs": {
        "man": "/nix/store/92054cc810992iv1k9njmv81fial3p16-eza-0.21.0-man",
        "out": "/nix/store/p95snhf2n8xc125lnhm3i1fmmm2waxxh-eza-0.21.0"
      },
      "system": "aarch64-darwin",
      "group": "toplevel",
      "priority": 5
    },
    {
      "attr_path": "eza",
      "broken": false,
      "derivation": "/nix/store/f760znka8ka54hnx9xzrajk045a83znn-eza-0.21.0.drv",
      "description": "Modern, maintained replacement for ls",
      "install_id": "eza",
      "license": "EUPL-1.2",
      "locked_url": "https://github.com/flox/nixpkgs?rev=2631b0b7abcea6e640ce31cd78ea58910d31e650",
      "name": "eza-0.21.0",
      "pname": "eza",
      "rev": "2631b0b7abcea6e640ce31cd78ea58910d31e650",
      "rev_count": 782401,
      "rev_date": "2025-04-12T13:19:24Z",
      "scrape_date": "2025-04-14T01:28:03.545624Z",
      "stabilities": [
        "unstable"
      ],
      "unfree": false,
      "version": "0.21.0",
      "outputs_to_install": [
        "man",
        "out"
      ],
      "outputs": {
        "man": "/nix/store/gvkm5nfkykqzmp36x7fgph3m0llfm7qa-eza-0.21.0-man",
        "out": "/nix/store/n86hvy3g1w00v9i2zahmdnvl8pc4pwp8-eza-0.21.0"
      },
      "system": "aarch64-linux",
      "group": "toplevel",
      "priority": 5
    },
    {
      "attr_path": "eza",
      "broken": false,
      "derivation": "/nix/store/x4ppdyvh6qlwx0rmpk6w19bsys1x7wb8-eza-0.21.0.drv",
      "description": "Modern, maintained replacement for ls",
      "install_id": "eza",
      "license": "EUPL-1.2",
      "locked_url": "https://github.com/flox/nixpkgs?rev=2631b0b7abcea6e640ce31cd78ea58910d31e650",
      "name": "eza-0.21.0",
      "pname": "eza",
      "rev": "2631b0b7abcea6e640ce31cd78ea58910d31e650",
      "rev_count": 782401,
      "rev_date": "2025-04-12T13:19:24Z",
      "scrape_date": "2025-04-14T01:43:35.975308Z",
      "stabilities": [
        "unstable"
      ],
      "unfree": false,
      "version": "0.21.0",
      "outputs_to_install": [
        "man",
        "out"
      ],
      "outputs": {
        "man": "/nix/store/29lnmzypyjv3m4ajvd8bvykn2ybx1qll-eza-0.21.0-man",
        "out": "/nix/store/3qrdxmvialjlcnjd0ny8jkw56jcddbw7-eza-0.21.0"
      },
      "system": "x86_64-darwin",
      "group": "toplevel",
      "priority": 5
    },
    {
      "attr_path": "eza",
      "broken": false,
      "derivation": "/nix/store/dcfm65md04iw4hsa7fcpfy8zyi8n3288-eza-0.21.0.drv",
      "description": "Modern, maintained replacement for ls",
      "install_id": "eza",
      "license": "EUPL-1.2",
      "locked_url": "https://github.com/flox/nixpkgs?rev=2631b0b7abcea6e640ce31cd78ea58910d31e650",
      "name": "eza-0.21.0",
      "pname": "eza",
      "rev": "2631b0b7abcea6e640ce31cd78ea58910d31e650",
      "rev_count": 782401,
      "rev_date": "2025-04-12T13:19:24Z",
      "scrape_date": "2025-04-14T02:01:52.448268Z",
      "stabilities": [
        "unstable"
      ],
      "unfree": false,
      "version": "0.21.0",
      "outputs_to_install": [
        "man",
        "out"
      ],
      "outputs": {
        "man": "/nix/store/qmlvm7rx9qvcimd8f8pi7wssx81h8qwq-eza-0.21.0-man",
        "out": "/nix/store/79gk7hachh60m6xxi6fvr6crhw6dlwva-eza-0.21.0"
      },
      "system": "x86_64-linux",
      "group": "toplevel",
      "priority": 5
    },
    {
      "attr_path": "fastfetch",
      "broken": false,
      "derivation": "/nix/store/pglfy9nyxsb80876rhqv4mjcqfwgp6y9-fastfetch-2.40.4.drv",
      "description": "An actively maintained, feature-rich and performance oriented, neofetch like system information tool",
      "install_id": "fastfetch",
      "license": "MIT",
      "locked_url": "https://github.com/flox/nixpkgs?rev=2631b0b7abcea6e640ce31cd78ea58910d31e650",
      "name": "fastfetch-2.40.4",
      "pname": "fastfetch",
      "rev": "2631b0b7abcea6e640ce31cd78ea58910d31e650",
      "rev_count": 782401,
      "rev_date": "2025-04-12T13:19:24Z",
      "scrape_date": "2025-04-14T01:11:24.899345Z",
      "stabilities": [
        "unstable"
      ],
      "unfree": false,
      "version": "2.40.4",
      "outputs_to_install": [
        "man",
        "out"
      ],
      "outputs": {
        "man": "/nix/store/x6g8dd7pf8j723bqs1rwxkwnghjcdch5-fastfetch-2.40.4-man",
        "out": "/nix/store/pimb43a0bv169xxmzgv5a6wgxb5n6zzx-fastfetch-2.40.4"
      },
      "system": "aarch64-darwin",
      "group": "toplevel",
      "priority": 5
    },
    {
      "attr_path": "fastfetch",
      "broken": false,
      "derivation": "/nix/store/l0hsb07ijbphha84946jg90dd6m6xabd-fastfetch-2.40.4.drv",
      "description": "An actively maintained, feature-rich and performance oriented, neofetch like system information tool",
      "install_id": "fastfetch",
      "license": "MIT",
      "locked_url": "https://github.com/flox/nixpkgs?rev=2631b0b7abcea6e640ce31cd78ea58910d31e650",
      "name": "fastfetch-2.40.4",
      "pname": "fastfetch",
      "rev": "2631b0b7abcea6e640ce31cd78ea58910d31e650",
      "rev_count": 782401,
      "rev_date": "2025-04-12T13:19:24Z",
      "scrape_date": "2025-04-14T01:28:03.566344Z",
      "stabilities": [
        "unstable"
      ],
      "unfree": false,
      "version": "2.40.4",
      "outputs_to_install": [
        "man",
        "out"
      ],
      "outputs": {
        "man": "/nix/store/svfzj5bcmgybbclr0ixn88vzflrb124w-fastfetch-2.40.4-man",
        "out": "/nix/store/agwiixa6bv68mc0bzixrwl8wphr7gz6m-fastfetch-2.40.4"
      },
      "system": "aarch64-linux",
      "group": "toplevel",
      "priority": 5
    },
    {
      "attr_path": "fastfetch",
      "broken": false,
      "derivation": "/nix/store/nnswg42a54506q263b76bd0ldzg29l4w-fastfetch-2.40.4.drv",
      "description": "An actively maintained, feature-rich and performance oriented, neofetch like system information tool",
      "install_id": "fastfetch",
      "license": "MIT",
      "locked_url": "https://github.com/flox/nixpkgs?rev=2631b0b7abcea6e640ce31cd78ea58910d31e650",
      "name": "fastfetch-2.40.4",
      "pname": "fastfetch",
      "rev": "2631b0b7abcea6e640ce31cd78ea58910d31e650",
      "rev_count": 782401,
      "rev_date": "2025-04-12T13:19:24Z",
      "scrape_date": "2025-04-14T01:43:35.988220Z",
      "stabilities": [
        "unstable"
      ],
      "unfree": false,
      "version": "2.40.4",
      "outputs_to_install": [
        "man",
        "out"
      ],
      "outputs": {
        "man": "/nix/store/22sb8pzhfld86h6ph8n3hgkrvp0a36hg-fastfetch-2.40.4-man",
        "out": "/nix/store/0zl9kcnpzyxf7kcglb6fakj03qkwkxb7-fastfetch-2.40.4"
      },
      "system": "x86_64-darwin",
      "group": "toplevel",
      "priority": 5
    },
    {
      "attr_path": "fastfetch",
      "broken": false,
      "derivation": "/nix/store/v7n4cbchcbar0d0q1h4xj7qgjwnkxyij-fastfetch-2.40.4.drv",
      "description": "An actively maintained, feature-rich and performance oriented, neofetch like system information tool",
      "install_id": "fastfetch",
      "license": "MIT",
      "locked_url": "https://github.com/flox/nixpkgs?rev=2631b0b7abcea6e640ce31cd78ea58910d31e650",
      "name": "fastfetch-2.40.4",
      "pname": "fastfetch",
      "rev": "2631b0b7abcea6e640ce31cd78ea58910d31e650",
      "rev_count": 782401,
      "rev_date": "2025-04-12T13:19:24Z",
      "scrape_date": "2025-04-14T02:01:52.478676Z",
      "stabilities": [
        "unstable"
      ],
      "unfree": false,
      "version": "2.40.4",
      "outputs_to_install": [
        "man",
        "out"
      ],
      "outputs": {
        "man": "/nix/store/ilvzmmbvlmr71iyknh3xm832i6k1xhl1-fastfetch-2.40.4-man",
        "out": "/nix/store/0dvrr056myp10knlm11v3xlwpkphdpaf-fastfetch-2.40.4"
      },
      "system": "x86_64-linux",
      "group": "toplevel",
      "priority": 5
    },
    {
      "attr_path": "git-lfs",
      "broken": false,
      "derivation": "/nix/store/gbk2jdr23zh3ixh58b38yvawrsbnvk6s-git-lfs-3.6.1.drv",
      "description": "Git extension for versioning large files",
      "install_id": "git-lfs",
      "license": "MIT",
      "locked_url": "https://github.com/flox/nixpkgs?rev=2631b0b7abcea6e640ce31cd78ea58910d31e650",
      "name": "git-lfs-3.6.1",
      "pname": "git-lfs",
      "rev": "2631b0b7abcea6e640ce31cd78ea58910d31e650",
      "rev_count": 782401,
      "rev_date": "2025-04-12T13:19:24Z",
      "scrape_date": "2025-04-14T01:11:25.097187Z",
      "stabilities": [
        "unstable"
      ],
      "unfree": false,
      "version": "3.6.1",
      "outputs_to_install": [
        "out"
      ],
      "outputs": {
        "out": "/nix/store/iv00ymrzmk8q8f67iq2065x9njh256hi-git-lfs-3.6.1"
      },
      "system": "aarch64-darwin",
      "group": "toplevel",
      "priority": 5
    },
    {
      "attr_path": "git-lfs",
      "broken": false,
      "derivation": "/nix/store/k043pn9psli4bc2rn2jllz2vg3g17r1h-git-lfs-3.6.1.drv",
      "description": "Git extension for versioning large files",
      "install_id": "git-lfs",
      "license": "MIT",
      "locked_url": "https://github.com/flox/nixpkgs?rev=2631b0b7abcea6e640ce31cd78ea58910d31e650",
      "name": "git-lfs-3.6.1",
      "pname": "git-lfs",
      "rev": "2631b0b7abcea6e640ce31cd78ea58910d31e650",
      "rev_count": 782401,
      "rev_date": "2025-04-12T13:19:24Z",
      "scrape_date": "2025-04-14T01:28:03.909404Z",
      "stabilities": [
        "unstable"
      ],
      "unfree": false,
      "version": "3.6.1",
      "outputs_to_install": [
        "out"
      ],
      "outputs": {
        "out": "/nix/store/g1sr0palcw94jd93dq72ch6crg0m7mpf-git-lfs-3.6.1"
      },
      "system": "aarch64-linux",
      "group": "toplevel",
      "priority": 5
    },
    {
      "attr_path": "git-lfs",
      "broken": false,
      "derivation": "/nix/store/q09y982zfb1v41d7khsnlp547ci3f9pk-git-lfs-3.6.1.drv",
      "description": "Git extension for versioning large files",
      "install_id": "git-lfs",
      "license": "MIT",
      "locked_url": "https://github.com/flox/nixpkgs?rev=2631b0b7abcea6e640ce31cd78ea58910d31e650",
      "name": "git-lfs-3.6.1",
      "pname": "git-lfs",
      "rev": "2631b0b7abcea6e640ce31cd78ea58910d31e650",
      "rev_count": 782401,
      "rev_date": "2025-04-12T13:19:24Z",
      "scrape_date": "2025-04-14T01:43:36.193807Z",
      "stabilities": [
        "unstable"
      ],
      "unfree": false,
      "version": "3.6.1",
      "outputs_to_install": [
        "out"
      ],
      "outputs": {
        "out": "/nix/store/537wr9shlywj10cjngc47j6dis3ch8wb-git-lfs-3.6.1"
      },
      "system": "x86_64-darwin",
      "group": "toplevel",
      "priority": 5
    },
    {
      "attr_path": "git-lfs",
      "broken": false,
      "derivation": "/nix/store/ar4rpnizr6xicpdbz9xnq21fnzn47pnz-git-lfs-3.6.1.drv",
      "description": "Git extension for versioning large files",
      "install_id": "git-lfs",
      "license": "MIT",
      "locked_url": "https://github.com/flox/nixpkgs?rev=2631b0b7abcea6e640ce31cd78ea58910d31e650",
      "name": "git-lfs-3.6.1",
      "pname": "git-lfs",
      "rev": "2631b0b7abcea6e640ce31cd78ea58910d31e650",
      "rev_count": 782401,
      "rev_date": "2025-04-12T13:19:24Z",
      "scrape_date": "2025-04-14T02:01:52.858167Z",
      "stabilities": [
        "unstable"
      ],
      "unfree": false,
      "version": "3.6.1",
      "outputs_to_install": [
        "out"
      ],
      "outputs": {
        "out": "/nix/store/fxkw93ljlxz5zy9jsn65wyjmlgchxiar-git-lfs-3.6.1"
      },
      "system": "x86_64-linux",
      "group": "toplevel",
      "priority": 5
    },
    {
      "attr_path": "hidden-bar",
      "broken": false,
      "derivation": "/nix/store/kmdxj8049d6fpq7wd93zv3vdsvi3cj4h-hidden-bar-1.9.drv",
      "description": "Ultra-light MacOS utility that helps hide menu bar icons",
      "install_id": "hidden-bar",
      "license": "MIT",
      "locked_url": "https://github.com/flox/nixpkgs?rev=2631b0b7abcea6e640ce31cd78ea58910d31e650",
      "name": "hidden-bar-1.9",
      "pname": "hidden-bar",
      "rev": "2631b0b7abcea6e640ce31cd78ea58910d31e650",
      "rev_count": 782401,
      "rev_date": "2025-04-12T13:19:24Z",
      "scrape_date": "2025-04-14T01:11:25.359420Z",
      "stabilities": [
        "unstable"
      ],
      "unfree": false,
      "version": "1.9",
      "outputs_to_install": [
        "out"
      ],
      "outputs": {
        "out": "/nix/store/d6vvnc0b2kq4jg0ibnamq74bbbg5gyg4-hidden-bar-1.9"
      },
      "system": "aarch64-darwin",
      "group": "toplevel",
      "priority": 5
    },
    {
      "attr_path": "hidden-bar",
      "broken": false,
      "derivation": "/nix/store/hnvwnzzvsy2hq3dyp5sizc80wk4ikwky-hidden-bar-1.9.drv",
      "description": "Ultra-light MacOS utility that helps hide menu bar icons",
      "install_id": "hidden-bar",
      "license": "MIT",
      "locked_url": "https://github.com/flox/nixpkgs?rev=2631b0b7abcea6e640ce31cd78ea58910d31e650",
      "name": "hidden-bar-1.9",
      "pname": "hidden-bar",
      "rev": "2631b0b7abcea6e640ce31cd78ea58910d31e650",
      "rev_count": 782401,
      "rev_date": "2025-04-12T13:19:24Z",
      "scrape_date": "2025-04-14T01:43:36.487488Z",
      "stabilities": [
        "unstable"
      ],
      "unfree": false,
      "version": "1.9",
      "outputs_to_install": [
        "out"
      ],
      "outputs": {
        "out": "/nix/store/7dppnjg1rvxab1n9313ln6kcsxk086nv-hidden-bar-1.9"
      },
      "system": "x86_64-darwin",
      "group": "toplevel",
      "priority": 5
    },
    {
      "attr_path": "neovim",
      "broken": false,
      "derivation": "/nix/store/22p6a37rw4pjlslfpi6nn530h1l5kjjk-neovim-0.11.0.drv",
      "description": "Vim text editor fork focused on extensibility and agility",
      "install_id": "neovim",
      "license": "[ Apache-2.0, Vim ]",
      "locked_url": "https://github.com/flox/nixpkgs?rev=2631b0b7abcea6e640ce31cd78ea58910d31e650",
      "name": "neovim-0.11.0",
      "pname": "neovim",
      "rev": "2631b0b7abcea6e640ce31cd78ea58910d31e650",
      "rev_count": 782401,
      "rev_date": "2025-04-12T13:19:24Z",
      "scrape_date": "2025-04-14T01:11:27.352338Z",
      "stabilities": [
        "unstable"
      ],
      "unfree": false,
      "version": "0.11.0",
      "outputs_to_install": [
        "out"
      ],
      "outputs": {
        "out": "/nix/store/4ch16nz6lwmzlxhwr2lwc3wqy7khxbks-neovim-0.11.0"
      },
      "system": "aarch64-darwin",
      "group": "toplevel",
      "priority": 5
    },
    {
      "attr_path": "neovim",
      "broken": false,
      "derivation": "/nix/store/rhh25gkfszjhvc21br4zmb5906grbi9s-neovim-0.11.0.drv",
      "description": "Vim text editor fork focused on extensibility and agility",
      "install_id": "neovim",
      "license": "[ Apache-2.0, Vim ]",
      "locked_url": "https://github.com/flox/nixpkgs?rev=2631b0b7abcea6e640ce31cd78ea58910d31e650",
      "name": "neovim-0.11.0",
      "pname": "neovim",
      "rev": "2631b0b7abcea6e640ce31cd78ea58910d31e650",
      "rev_count": 782401,
      "rev_date": "2025-04-12T13:19:24Z",
      "scrape_date": "2025-04-14T01:28:12.850010Z",
      "stabilities": [
        "unstable"
      ],
      "unfree": false,
      "version": "0.11.0",
      "outputs_to_install": [
        "out"
      ],
      "outputs": {
        "out": "/nix/store/8av5ivxr1x3cymnbdfvf1izbx7998iiq-neovim-0.11.0"
      },
      "system": "aarch64-linux",
      "group": "toplevel",
      "priority": 5
    },
    {
      "attr_path": "neovim",
      "broken": false,
      "derivation": "/nix/store/vccxwm46lhkxkhj05p8387klyg8hnyhp-neovim-0.11.0.drv",
      "description": "Vim text editor fork focused on extensibility and agility",
      "install_id": "neovim",
      "license": "[ Apache-2.0, Vim ]",
      "locked_url": "https://github.com/flox/nixpkgs?rev=2631b0b7abcea6e640ce31cd78ea58910d31e650",
      "name": "neovim-0.11.0",
      "pname": "neovim",
      "rev": "2631b0b7abcea6e640ce31cd78ea58910d31e650",
      "rev_count": 782401,
      "rev_date": "2025-04-12T13:19:24Z",
      "scrape_date": "2025-04-14T01:43:38.485839Z",
      "stabilities": [
        "unstable"
      ],
      "unfree": false,
      "version": "0.11.0",
      "outputs_to_install": [
        "out"
      ],
      "outputs": {
        "out": "/nix/store/5bd60mhl94s6gl1cqi2xjra0ad8v2cdp-neovim-0.11.0"
      },
      "system": "x86_64-darwin",
      "group": "toplevel",
      "priority": 5
    },
    {
      "attr_path": "neovim",
      "broken": false,
      "derivation": "/nix/store/45scg2md2g9hfq47wq2rg1ymv6hak2nz-neovim-0.11.0.drv",
      "description": "Vim text editor fork focused on extensibility and agility",
      "install_id": "neovim",
      "license": "[ Apache-2.0, Vim ]",
      "locked_url": "https://github.com/flox/nixpkgs?rev=2631b0b7abcea6e640ce31cd78ea58910d31e650",
      "name": "neovim-0.11.0",
      "pname": "neovim",
      "rev": "2631b0b7abcea6e640ce31cd78ea58910d31e650",
      "rev_count": 782401,
      "rev_date": "2025-04-12T13:19:24Z",
      "scrape_date": "2025-04-14T02:02:03.513477Z",
      "stabilities": [
        "unstable"
      ],
      "unfree": false,
      "version": "0.11.0",
      "outputs_to_install": [
        "out"
      ],
      "outputs": {
        "out": "/nix/store/97cka40y26y30mza1v4gfbvlbp5a2a42-neovim-0.11.0"
      },
      "system": "x86_64-linux",
      "group": "toplevel",
      "priority": 5
    },
    {
      "attr_path": "oh-my-posh",
      "broken": false,
      "derivation": "/nix/store/zan0fbxx0k1wbr9zagx24a2q52r16fd5-oh-my-posh-24.11.4.drv",
      "description": "Prompt theme engine for any shell",
      "install_id": "oh-my-posh",
      "license": "MIT",
      "locked_url": "https://github.com/flox/nixpkgs?rev=2631b0b7abcea6e640ce31cd78ea58910d31e650",
      "name": "oh-my-posh-24.11.4",
      "pname": "oh-my-posh",
      "rev": "2631b0b7abcea6e640ce31cd78ea58910d31e650",
      "rev_count": 782401,
      "rev_date": "2025-04-12T13:19:24Z",
      "scrape_date": "2025-04-14T01:11:28.172757Z",
      "stabilities": [
        "unstable"
      ],
      "unfree": false,
      "version": "24.11.4",
      "outputs_to_install": [
        "out"
      ],
      "outputs": {
        "out": "/nix/store/9p0q3izn99lh9pwf4nnf00ijgfwdgvpk-oh-my-posh-24.11.4"
      },
      "system": "aarch64-darwin",
      "group": "toplevel",
      "priority": 5
    },
    {
      "attr_path": "oh-my-posh",
      "broken": false,
      "derivation": "/nix/store/w9930rd2ak7i6kyzxcb76ala5d3gzg0c-oh-my-posh-24.11.4.drv",
      "description": "Prompt theme engine for any shell",
      "install_id": "oh-my-posh",
      "license": "MIT",
      "locked_url": "https://github.com/flox/nixpkgs?rev=2631b0b7abcea6e640ce31cd78ea58910d31e650",
      "name": "oh-my-posh-24.11.4",
      "pname": "oh-my-posh",
      "rev": "2631b0b7abcea6e640ce31cd78ea58910d31e650",
      "rev_count": 782401,
      "rev_date": "2025-04-12T13:19:24Z",
      "scrape_date": "2025-04-14T01:28:14.517203Z",
      "stabilities": [
        "unstable"
      ],
      "unfree": false,
      "version": "24.11.4",
      "outputs_to_install": [
        "out"
      ],
      "outputs": {
        "out": "/nix/store/czk81258bfjbyl8zxjkkcqfkykqx4bbh-oh-my-posh-24.11.4"
      },
      "system": "aarch64-linux",
      "group": "toplevel",
      "priority": 5
    },
    {
      "attr_path": "oh-my-posh",
      "broken": false,
      "derivation": "/nix/store/k4hhwxgwsb34sjg6fcs8mz44ywnlb7p2-oh-my-posh-24.11.4.drv",
      "description": "Prompt theme engine for any shell",
      "install_id": "oh-my-posh",
      "license": "MIT",
      "locked_url": "https://github.com/flox/nixpkgs?rev=2631b0b7abcea6e640ce31cd78ea58910d31e650",
      "name": "oh-my-posh-24.11.4",
      "pname": "oh-my-posh",
      "rev": "2631b0b7abcea6e640ce31cd78ea58910d31e650",
      "rev_count": 782401,
      "rev_date": "2025-04-12T13:19:24Z",
      "scrape_date": "2025-04-14T01:43:39.330836Z",
      "stabilities": [
        "unstable"
      ],
      "unfree": false,
      "version": "24.11.4",
      "outputs_to_install": [
        "out"
      ],
      "outputs": {
        "out": "/nix/store/wfgjbwafjhhjafg4iss3illgcvpgw243-oh-my-posh-24.11.4"
      },
      "system": "x86_64-darwin",
      "group": "toplevel",
      "priority": 5
    },
    {
      "attr_path": "oh-my-posh",
      "broken": false,
      "derivation": "/nix/store/nwx29p9c4dpcw0n2psmlppsf8g6akcim-oh-my-posh-24.11.4.drv",
      "description": "Prompt theme engine for any shell",
      "install_id": "oh-my-posh",
      "license": "MIT",
      "locked_url": "https://github.com/flox/nixpkgs?rev=2631b0b7abcea6e640ce31cd78ea58910d31e650",
      "name": "oh-my-posh-24.11.4",
      "pname": "oh-my-posh",
      "rev": "2631b0b7abcea6e640ce31cd78ea58910d31e650",
      "rev_count": 782401,
      "rev_date": "2025-04-12T13:19:24Z",
      "scrape_date": "2025-04-14T02:02:05.375686Z",
      "stabilities": [
        "unstable"
      ],
      "unfree": false,
      "version": "24.11.4",
      "outputs_to_install": [
        "out"
      ],
      "outputs": {
        "out": "/nix/store/mmy8z874zdcqbj706pzvadc2lx64zaq8-oh-my-posh-24.11.4"
      },
      "system": "x86_64-linux",
      "group": "toplevel",
      "priority": 5
    },
    {
      "attr_path": "openssl",
      "broken": false,
      "derivation": "/nix/store/li7csil3vmz3h7q87wp9505jh1gi6mwl-openssl-3.4.1.drv",
      "description": "Cryptographic library that implements the SSL and TLS protocols",
      "install_id": "openssl",
      "license": "Apache-2.0",
      "locked_url": "https://github.com/flox/nixpkgs?rev=2631b0b7abcea6e640ce31cd78ea58910d31e650",
      "name": "openssl-3.4.1",
      "pname": "openssl",
      "rev": "2631b0b7abcea6e640ce31cd78ea58910d31e650",
      "rev_count": 782401,
      "rev_date": "2025-04-12T13:19:24Z",
      "scrape_date": "2025-04-14T01:11:28.283007Z",
      "stabilities": [
        "unstable"
      ],
      "unfree": false,
      "version": "3.4.1",
      "outputs_to_install": [
        "bin",
        "man"
      ],
      "outputs": {
        "bin": "/nix/store/6gxy23yr8d0z9i94b0g8mscs41bcngzn-openssl-3.4.1-bin",
        "dev": "/nix/store/igpisf54zhmkmqdjb6yw36yyqrj30jjq-openssl-3.4.1-dev",
        "doc": "/nix/store/r6wv5gn0lxr2zzdqlix78r02l39p5kk0-openssl-3.4.1-doc",
        "man": "/nix/store/17wxzg507l5a055xv95yflw31ypvpbfz-openssl-3.4.1-man",
        "out": "/nix/store/bsr3zm139n6qa3y3d1nsr7kskggrg26q-openssl-3.4.1"
      },
      "system": "aarch64-darwin",
      "group": "toplevel",
      "priority": 5
    },
    {
      "attr_path": "openssl",
      "broken": false,
      "derivation": "/nix/store/x22nrvr75x2dm4qkrxg0xf7229x1lv1l-openssl-3.4.1.drv",
      "description": "Cryptographic library that implements the SSL and TLS protocols",
      "install_id": "openssl",
      "license": "Apache-2.0",
      "locked_url": "https://github.com/flox/nixpkgs?rev=2631b0b7abcea6e640ce31cd78ea58910d31e650",
      "name": "openssl-3.4.1",
      "pname": "openssl",
      "rev": "2631b0b7abcea6e640ce31cd78ea58910d31e650",
      "rev_count": 782401,
      "rev_date": "2025-04-12T13:19:24Z",
      "scrape_date": "2025-04-14T01:28:14.809975Z",
      "stabilities": [
        "unstable"
      ],
      "unfree": false,
      "version": "3.4.1",
      "outputs_to_install": [
        "bin",
        "man"
      ],
      "outputs": {
        "bin": "/nix/store/nchq1zk0fg8r11gzzs0g5jqwhkg4iydm-openssl-3.4.1-bin",
        "debug": "/nix/store/pdglb2bx8gslfa99cpkdsaybrzh0l10c-openssl-3.4.1-debug",
        "dev": "/nix/store/iha4938qqagw62bjingc00s1qhivfkzv-openssl-3.4.1-dev",
        "doc": "/nix/store/rdlaz9mb6kyfq5wydwa8gkvj3ap6ns82-openssl-3.4.1-doc",
        "man": "/nix/store/zgqwldrahmwfizvcnaqgpb43vccqawrs-openssl-3.4.1-man",
        "out": "/nix/store/c32kapkfscfn12wm5sfhic27m716jc0b-openssl-3.4.1"
      },
      "system": "aarch64-linux",
      "group": "toplevel",
      "priority": 5
    },
    {
      "attr_path": "openssl",
      "broken": false,
      "derivation": "/nix/store/gzvqbpwb9a1x4rrsnr21xnxhsgk0983c-openssl-3.4.1.drv",
      "description": "Cryptographic library that implements the SSL and TLS protocols",
      "install_id": "openssl",
      "license": "Apache-2.0",
      "locked_url": "https://github.com/flox/nixpkgs?rev=2631b0b7abcea6e640ce31cd78ea58910d31e650",
      "name": "openssl-3.4.1",
      "pname": "openssl",
      "rev": "2631b0b7abcea6e640ce31cd78ea58910d31e650",
      "rev_count": 782401,
      "rev_date": "2025-04-12T13:19:24Z",
      "scrape_date": "2025-04-14T01:43:39.445068Z",
      "stabilities": [
        "unstable"
      ],
      "unfree": false,
      "version": "3.4.1",
      "outputs_to_install": [
        "bin",
        "man"
      ],
      "outputs": {
        "bin": "/nix/store/7vgprmhz4f8ylhzc42bcc46v387q2i8z-openssl-3.4.1-bin",
        "dev": "/nix/store/5gjy0zn3qpvqm4v89mhb5r2vzv433q2n-openssl-3.4.1-dev",
        "doc": "/nix/store/fdy3yl8cklggszi40n9w338dk1d2w97b-openssl-3.4.1-doc",
        "man": "/nix/store/j1gv6n2zayg52s0fklpasibg2iqbfxbq-openssl-3.4.1-man",
        "out": "/nix/store/nh256k48sd8a3sn95pgzdj98yzb6r4z1-openssl-3.4.1"
      },
      "system": "x86_64-darwin",
      "group": "toplevel",
      "priority": 5
    },
    {
      "attr_path": "openssl",
      "broken": false,
      "derivation": "/nix/store/001w4p7af3vdgnvqml0lhjj5n5fmr877-openssl-3.4.1.drv",
      "description": "Cryptographic library that implements the SSL and TLS protocols",
      "install_id": "openssl",
      "license": "Apache-2.0",
      "locked_url": "https://github.com/flox/nixpkgs?rev=2631b0b7abcea6e640ce31cd78ea58910d31e650",
      "name": "openssl-3.4.1",
      "pname": "openssl",
      "rev": "2631b0b7abcea6e640ce31cd78ea58910d31e650",
      "rev_count": 782401,
      "rev_date": "2025-04-12T13:19:24Z",
      "scrape_date": "2025-04-14T02:02:05.711678Z",
      "stabilities": [
        "unstable"
      ],
      "unfree": false,
      "version": "3.4.1",
      "outputs_to_install": [
        "bin",
        "man"
      ],
      "outputs": {
        "bin": "/nix/store/9bkf98f3ncbi6n0qwg1zydzfrl8dwgfy-openssl-3.4.1-bin",
        "debug": "/nix/store/rkp2j2n3mvswvfjldl02y6qy2cxswx5g-openssl-3.4.1-debug",
        "dev": "/nix/store/ak8zw9vzaradp09j6bc4sazvl63yz2ah-openssl-3.4.1-dev",
        "doc": "/nix/store/5kayw14lillbnx73nf64kz37j8f1d4pm-openssl-3.4.1-doc",
        "man": "/nix/store/hwdkvsvjc4g986i0fkzsh98c6rrn1ymd-openssl-3.4.1-man",
        "out": "/nix/store/954l60hahqvr0hbs7ww6lmgkxvk8akdf-openssl-3.4.1"
      },
      "system": "x86_64-linux",
      "group": "toplevel",
      "priority": 5
    },
    {
      "attr_path": "ripgrep",
      "broken": false,
      "derivation": "/nix/store/aj2ny57ihq10d76rg1f0cn47mcx1085p-ripgrep-14.1.1.drv",
      "description": "Utility that combines the usability of The Silver Searcher with the raw speed of grep",
      "install_id": "ripgrep",
      "license": "[ Unlicense, MIT ]",
      "locked_url": "https://github.com/flox/nixpkgs?rev=2631b0b7abcea6e640ce31cd78ea58910d31e650",
      "name": "ripgrep-14.1.1",
      "pname": "ripgrep",
      "rev": "2631b0b7abcea6e640ce31cd78ea58910d31e650",
      "rev_count": 782401,
      "rev_date": "2025-04-12T13:19:24Z",
      "scrape_date": "2025-04-14T01:11:52.836405Z",
      "stabilities": [
        "unstable"
      ],
      "unfree": false,
      "version": "14.1.1",
      "outputs_to_install": [
        "out"
      ],
      "outputs": {
        "out": "/nix/store/zqhlsfg3n47hlq95wwwf4jgp6b4kmkw1-ripgrep-14.1.1"
      },
      "system": "aarch64-darwin",
      "group": "toplevel",
      "priority": 5
    },
    {
      "attr_path": "ripgrep",
      "broken": false,
      "derivation": "/nix/store/yz9x1nag0afkh9zhxg7za3xhq9p6030h-ripgrep-14.1.1.drv",
      "description": "Utility that combines the usability of The Silver Searcher with the raw speed of grep",
      "install_id": "ripgrep",
      "license": "[ Unlicense, MIT ]",
      "locked_url": "https://github.com/flox/nixpkgs?rev=2631b0b7abcea6e640ce31cd78ea58910d31e650",
      "name": "ripgrep-14.1.1",
      "pname": "ripgrep",
      "rev": "2631b0b7abcea6e640ce31cd78ea58910d31e650",
      "rev_count": 782401,
      "rev_date": "2025-04-12T13:19:24Z",
      "scrape_date": "2025-04-14T01:28:52.911322Z",
      "stabilities": [
        "unstable"
      ],
      "unfree": false,
      "version": "14.1.1",
      "outputs_to_install": [
        "out"
      ],
      "outputs": {
        "out": "/nix/store/hf38216d036k3qb2a7mhdjnm9b3cw67l-ripgrep-14.1.1"
      },
      "system": "aarch64-linux",
      "group": "toplevel",
      "priority": 5
    },
    {
      "attr_path": "ripgrep",
      "broken": false,
      "derivation": "/nix/store/9s4pa5i4n05b8vmicd22qn65yi8v9rv9-ripgrep-14.1.1.drv",
      "description": "Utility that combines the usability of The Silver Searcher with the raw speed of grep",
      "install_id": "ripgrep",
      "license": "[ Unlicense, MIT ]",
      "locked_url": "https://github.com/flox/nixpkgs?rev=2631b0b7abcea6e640ce31cd78ea58910d31e650",
      "name": "ripgrep-14.1.1",
      "pname": "ripgrep",
      "rev": "2631b0b7abcea6e640ce31cd78ea58910d31e650",
      "rev_count": 782401,
      "rev_date": "2025-04-12T13:19:24Z",
      "scrape_date": "2025-04-14T01:44:04.367392Z",
      "stabilities": [
        "unstable"
      ],
      "unfree": false,
      "version": "14.1.1",
      "outputs_to_install": [
        "out"
      ],
      "outputs": {
        "out": "/nix/store/38dfkpikydr5yai23ns7j1c07k42ddkf-ripgrep-14.1.1"
      },
      "system": "x86_64-darwin",
      "group": "toplevel",
      "priority": 5
    },
    {
      "attr_path": "ripgrep",
      "broken": false,
      "derivation": "/nix/store/dyc4lgvsr663lwza8wsbcwh47j5sgraq-ripgrep-14.1.1.drv",
      "description": "Utility that combines the usability of The Silver Searcher with the raw speed of grep",
      "install_id": "ripgrep",
      "license": "[ Unlicense, MIT ]",
      "locked_url": "https://github.com/flox/nixpkgs?rev=2631b0b7abcea6e640ce31cd78ea58910d31e650",
      "name": "ripgrep-14.1.1",
      "pname": "ripgrep",
      "rev": "2631b0b7abcea6e640ce31cd78ea58910d31e650",
      "rev_count": 782401,
      "rev_date": "2025-04-12T13:19:24Z",
      "scrape_date": "2025-04-14T02:02:46.261596Z",
      "stabilities": [
        "unstable"
      ],
      "unfree": false,
      "version": "14.1.1",
      "outputs_to_install": [
        "out"
      ],
      "outputs": {
        "out": "/nix/store/sbn6iya0mr3z14xvrz8s4ink4mi6w7in-ripgrep-14.1.1"
      },
      "system": "x86_64-linux",
      "group": "toplevel",
      "priority": 5
    },
    {
      "attr_path": "utf8proc",
      "broken": false,
      "derivation": "/nix/store/c19454x0216ki107zvkyrb914khp495y-utf8proc-2.10.0.drv",
      "description": "Clean C library for processing UTF-8 Unicode data",
      "install_id": "utf8proc",
      "license": "MIT",
      "locked_url": "https://github.com/flox/nixpkgs?rev=2631b0b7abcea6e640ce31cd78ea58910d31e650",
      "name": "utf8proc-2.10.0",
      "pname": "utf8proc",
      "rev": "2631b0b7abcea6e640ce31cd78ea58910d31e650",
      "rev_count": 782401,
      "rev_date": "2025-04-12T13:19:24Z",
      "scrape_date": "2025-04-14T01:12:14.803238Z",
      "stabilities": [
        "unstable"
      ],
      "unfree": false,
      "version": "2.10.0",
      "outputs_to_install": [
        "out"
      ],
      "outputs": {
        "out": "/nix/store/hm3js5zpkl9mg4nmp7m4i8d520jarm8j-utf8proc-2.10.0"
      },
      "system": "aarch64-darwin",
      "group": "toplevel",
      "priority": 5
    },
    {
      "attr_path": "utf8proc",
      "broken": false,
      "derivation": "/nix/store/3ral78xv706s4wb83ml5bwgzra5fix2n-utf8proc-2.10.0.drv",
      "description": "Clean C library for processing UTF-8 Unicode data",
      "install_id": "utf8proc",
      "license": "MIT",
      "locked_url": "https://github.com/flox/nixpkgs?rev=2631b0b7abcea6e640ce31cd78ea58910d31e650",
      "name": "utf8proc-2.10.0",
      "pname": "utf8proc",
      "rev": "2631b0b7abcea6e640ce31cd78ea58910d31e650",
      "rev_count": 782401,
      "rev_date": "2025-04-12T13:19:24Z",
      "scrape_date": "2025-04-14T01:29:23.775280Z",
      "stabilities": [
        "unstable"
      ],
      "unfree": false,
      "version": "2.10.0",
      "outputs_to_install": [
        "out"
      ],
      "outputs": {
        "out": "/nix/store/nj07jiilq45rk5rn9dx7gy7m9qddnskw-utf8proc-2.10.0"
      },
      "system": "aarch64-linux",
      "group": "toplevel",
      "priority": 5
    },
    {
      "attr_path": "utf8proc",
      "broken": false,
      "derivation": "/nix/store/d0vmaw74caavkqkcvm61cgap5ri1iw1d-utf8proc-2.10.0.drv",
      "description": "Clean C library for processing UTF-8 Unicode data",
      "install_id": "utf8proc",
      "license": "MIT",
      "locked_url": "https://github.com/flox/nixpkgs?rev=2631b0b7abcea6e640ce31cd78ea58910d31e650",
      "name": "utf8proc-2.10.0",
      "pname": "utf8proc",
      "rev": "2631b0b7abcea6e640ce31cd78ea58910d31e650",
      "rev_count": 782401,
      "rev_date": "2025-04-12T13:19:24Z",
      "scrape_date": "2025-04-14T01:44:26.715072Z",
      "stabilities": [
        "unstable"
      ],
      "unfree": false,
      "version": "2.10.0",
      "outputs_to_install": [
        "out"
      ],
      "outputs": {
        "out": "/nix/store/rnsqfgzmmhwp4ccg23lplrz70aac3amw-utf8proc-2.10.0"
      },
      "system": "x86_64-darwin",
      "group": "toplevel",
      "priority": 5
    },
    {
      "attr_path": "utf8proc",
      "broken": false,
      "derivation": "/nix/store/8acvll755d3qhg51nahhzv9jpd3qsk64-utf8proc-2.10.0.drv",
      "description": "Clean C library for processing UTF-8 Unicode data",
      "install_id": "utf8proc",
      "license": "MIT",
      "locked_url": "https://github.com/flox/nixpkgs?rev=2631b0b7abcea6e640ce31cd78ea58910d31e650",
      "name": "utf8proc-2.10.0",
      "pname": "utf8proc",
      "rev": "2631b0b7abcea6e640ce31cd78ea58910d31e650",
      "rev_count": 782401,
      "rev_date": "2025-04-12T13:19:24Z",
      "scrape_date": "2025-04-14T02:03:18.913935Z",
      "stabilities": [
        "unstable"
      ],
      "unfree": false,
      "version": "2.10.0",
      "outputs_to_install": [
        "out"
      ],
      "outputs": {
        "out": "/nix/store/2562nnrwd2pnz4024l306li79bg0k98k-utf8proc-2.10.0"
      },
      "system": "x86_64-linux",
      "group": "toplevel",
      "priority": 5
    }
  ]
}