{
  "lockfile-version": 1,
  "manifest": {
    "version": 1,
    "install": {
      "eza": {
        "pkg-path": "eza"
      },
      "fastfetch": {
        "pkg-path": "fastfetch"
      },
      "git-lfs": {
        "pkg-path": "git-lfs"
      },
      "hidden-bar": {
        "pkg-path": "hidden-bar",
        "systems": [
          "aarch64-darwin",
          "x86_64-darwin"
        ]
      },
      "neovim": {
        "pkg-path": "neovim"
      },
      "oh-my-posh": {
        "pkg-path": "oh-my-posh"
      },
      "openssl": {
        "pkg-path": "openssl"
      },
      "ripgrep": {
        "pkg-path": "ripgrep"
      },
      "tree-sitter": {
        "pkg-path": "tree-sitter"
      },
      "utf8proc": {
        "pkg-path": "utf8proc"
      }
    },
    "hook": {},
    "profile": {},
    "options": {
      "systems": [
        "aarch64-darwin",
        "aarch64-linux",
        "x86_64-darwin",
        "x86_64-linux"
      ]
    }
  },
  "packages": [
    {
      "attr_path": "eza",
      "broken": false,
      "derivation": "/nix/store/fz5v80ixyg8sb2wyk6qn612g5p5nnpjz-eza-0.21.5.drv",
      "description": "Modern, maintained replacement for ls",
      "install_id": "eza",
      "license": "EUPL-1.2",
      "locked_url": "https://github.com/flox/nixpkgs?rev=30e2e2857ba47844aa71991daa6ed1fc678bcbb7",
      "name": "eza-0.21.5",
      "pname": "eza",
      "rev": "30e2e2857ba47844aa71991daa6ed1fc678bcbb7",
      "rev_count": 822156,
      "rev_date": "2025-06-27T08:03:01Z",
      "scrape_date": "2025-06-29T04:56:14.246752Z",
      "stabilities": [
        "unstable"
      ],
      "unfree": false,
      "version": "0.21.5",
      "outputs_to_install": [
        "man",
        "out"
      ],
      "outputs": {
        "man": "/nix/store/lmmnighydak5bnrxwbgm9q679r9qdp3x-eza-0.21.5-man",
        "out": "/nix/store/3xmpp33yxsgwc33yb7205lk46sl39j0i-eza-0.21.5"
      },
      "system": "aarch64-darwin",
      "group": "toplevel",
      "priority": 5
    },
    {
      "attr_path": "eza",
      "broken": false,
      "derivation": "/nix/store/l57s8zxqrf449dxfqirrc7v94hdzq5jv-eza-0.21.5.drv",
      "description": "Modern, maintained replacement for ls",
      "install_id": "eza",
      "license": "EUPL-1.2",
      "locked_url": "https://github.com/flox/nixpkgs?rev=30e2e2857ba47844aa71991daa6ed1fc678bcbb7",
      "name": "eza-0.21.5",
      "pname": "eza",
      "rev": "30e2e2857ba47844aa71991daa6ed1fc678bcbb7",
      "rev_count": 822156,
      "rev_date": "2025-06-27T08:03:01Z",
      "scrape_date": "2025-06-29T05:19:54.269573Z",
      "stabilities": [
        "unstable"
      ],
      "unfree": false,
      "version": "0.21.5",
      "outputs_to_install": [
        "man",
        "out"
      ],
      "outputs": {
        "man": "/nix/store/a5489q4myd7rnniszxdxx0kaghn3zzv2-eza-0.21.5-man",
        "out": "/nix/store/c0qb68qgpqn8vw5x451hdjgph1zyg7rg-eza-0.21.5"
      },
      "system": "aarch64-linux",
      "group": "toplevel",
      "priority": 5
    },
    {
      "attr_path": "eza",
      "broken": false,
      "derivation": "/nix/store/8c7p1kkzah681pks35blqb4i3qcaqfrn-eza-0.21.5.drv",
      "description": "Modern, maintained replacement for ls",
      "install_id": "eza",
      "license": "EUPL-1.2",
      "locked_url": "https://github.com/flox/nixpkgs?rev=30e2e2857ba47844aa71991daa6ed1fc678bcbb7",
      "name": "eza-0.21.5",
      "pname": "eza",
      "rev": "30e2e2857ba47844aa71991daa6ed1fc678bcbb7",
      "rev_count": 822156,
      "rev_date": "2025-06-27T08:03:01Z",
      "scrape_date": "2025-06-29T05:38:12.849428Z",
      "stabilities": [
        "unstable"
      ],
      "unfree": false,
      "version": "0.21.5",
      "outputs_to_install": [
        "man",
        "out"
      ],
      "outputs": {
        "man": "/nix/store/0krn1qkppwlmc5y24n2nbkbq3xa79vrs-eza-0.21.5-man",
        "out": "/nix/store/7aan9hlialy115ir4rybk6w4dv3lqi4a-eza-0.21.5"
      },
      "system": "x86_64-darwin",
      "group": "toplevel",
      "priority": 5
    },
    {
      "attr_path": "eza",
      "broken": false,
      "derivation": "/nix/store/nhcr4y4qjsb7riyky1nrk54ny65j1894-eza-0.21.5.drv",
      "description": "Modern, maintained replacement for ls",
      "install_id": "eza",
      "license": "EUPL-1.2",
      "locked_url": "https://github.com/flox/nixpkgs?rev=30e2e2857ba47844aa71991daa6ed1fc678bcbb7",
      "name": "eza-0.21.5",
      "pname": "eza",
      "rev": "30e2e2857ba47844aa71991daa6ed1fc678bcbb7",
      "rev_count": 822156,
      "rev_date": "2025-06-27T08:03:01Z",
      "scrape_date": "2025-06-29T06:00:02.491937Z",
      "stabilities": [
        "unstable"
      ],
      "unfree": false,
      "version": "0.21.5",
      "outputs_to_install": [
        "man",
        "out"
      ],
      "outputs": {
        "man": "/nix/store/vsnvgwyzn8p2whrz90hx8vrha00234zw-eza-0.21.5-man",
        "out": "/nix/store/w3p5r8vhafqrl7ijb4s5jf5gzrfqjny5-eza-0.21.5"
      },
      "system": "x86_64-linux",
      "group": "toplevel",
      "priority": 5
    },
    {
      "attr_path": "fastfetch",
      "broken": false,
      "derivation": "/nix/store/5qrk84lfh38mq3sv8n4vi1qjqydi5vhs-fastfetch-2.46.0.drv",
      "description": "Actively maintained, feature-rich and performance oriented, neofetch like system information tool",
      "install_id": "fastfetch",
      "license": "MIT",
      "locked_url": "https://github.com/flox/nixpkgs?rev=30e2e2857ba47844aa71991daa6ed1fc678bcbb7",
      "name": "fastfetch-2.46.0",
      "pname": "fastfetch",
      "rev": "30e2e2857ba47844aa71991daa6ed1fc678bcbb7",
      "rev_count": 822156,
      "rev_date": "2025-06-27T08:03:01Z",
      "scrape_date": "2025-06-29T04:56:14.260700Z",
      "stabilities": [
        "unstable"
      ],
      "unfree": false,
      "version": "2.46.0",
      "outputs_to_install": [
        "man",
        "out"
      ],
      "outputs": {
        "man": "/nix/store/ngayis9sx73v8l345jmvyzg5vfpyk92q-fastfetch-2.46.0-man",
        "out": "/nix/store/gailbzav2w04qw1rr6pif8gxnfnp9w5s-fastfetch-2.46.0"
      },
      "system": "aarch64-darwin",
      "group": "toplevel",
      "priority": 5
    },
    {
      "attr_path": "fastfetch",
      "broken": false,
      "derivation": "/nix/store/2wy6jdj3xvqwv3b6gzq3lb7cvdwn4ag0-fastfetch-2.46.0.drv",
      "description": "Actively maintained, feature-rich and performance oriented, neofetch like system information tool",
      "install_id": "fastfetch",
      "license": "MIT",
      "locked_url": "https://github.com/flox/nixpkgs?rev=30e2e2857ba47844aa71991daa6ed1fc678bcbb7",
      "name": "fastfetch-2.46.0",
      "pname": "fastfetch",
      "rev": "30e2e2857ba47844aa71991daa6ed1fc678bcbb7",
      "rev_count": 822156,
      "rev_date": "2025-06-27T08:03:01Z",
      "scrape_date": "2025-06-29T05:19:54.292065Z",
      "stabilities": [
        "unstable"
      ],
      "unfree": false,
      "version": "2.46.0",
      "outputs_to_install": [
        "man",
        "out"
      ],
      "outputs": {
        "man": "/nix/store/8v9z5lyw44law9z25wwz90l6z4gk9kkh-fastfetch-2.46.0-man",
        "out": "/nix/store/i13dyb97capwzinvh415fy9gwr8lfyw3-fastfetch-2.46.0"
      },
      "system": "aarch64-linux",
      "group": "toplevel",
      "priority": 5
    },
    {
      "attr_path": "fastfetch",
      "broken": false,
      "derivation": "/nix/store/03wjf4h4q354i7llx3xdwv949j7chg93-fastfetch-2.46.0.drv",
      "description": "Actively maintained, feature-rich and performance oriented, neofetch like system information tool",
      "install_id": "fastfetch",
      "license": "MIT",
      "locked_url": "https://github.com/flox/nixpkgs?rev=30e2e2857ba47844aa71991daa6ed1fc678bcbb7",
      "name": "fastfetch-2.46.0",
      "pname": "fastfetch",
      "rev": "30e2e2857ba47844aa71991daa6ed1fc678bcbb7",
      "rev_count": 822156,
      "rev_date": "2025-06-27T08:03:01Z",
      "scrape_date": "2025-06-29T05:38:12.863207Z",
      "stabilities": [
        "unstable"
      ],
      "unfree": false,
      "version": "2.46.0",
      "outputs_to_install": [
        "man",
        "out"
      ],
      "outputs": {
        "man": "/nix/store/7va6fnija09yviak18bd4vkhk1cn70kp-fastfetch-2.46.0-man",
        "out": "/nix/store/9rv1z917xaawzf50j982h038s31cajh9-fastfetch-2.46.0"
      },
      "system": "x86_64-darwin",
      "group": "toplevel",
      "priority": 5
    },
    {
      "attr_path": "fastfetch",
      "broken": false,
      "derivation": "/nix/store/ix5dypb2432zw2ncak2pwyjfsn44qwj0-fastfetch-2.46.0.drv",
      "description": "Actively maintained, feature-rich and performance oriented, neofetch like system information tool",
      "install_id": "fastfetch",
      "license": "MIT",
      "locked_url": "https://github.com/flox/nixpkgs?rev=30e2e2857ba47844aa71991daa6ed1fc678bcbb7",
      "name": "fastfetch-2.46.0",
      "pname": "fastfetch",
      "rev": "30e2e2857ba47844aa71991daa6ed1fc678bcbb7",
      "rev_count": 822156,
      "rev_date": "2025-06-27T08:03:01Z",
      "scrape_date": "2025-06-29T06:00:02.524449Z",
      "stabilities": [
        "unstable"
      ],
      "unfree": false,
      "version": "2.46.0",
      "outputs_to_install": [
        "man",
        "out"
      ],
      "outputs": {
        "man": "/nix/store/99kkvrx28z65gawcqz6d4rkcphgq760d-fastfetch-2.46.0-man",
        "out": "/nix/store/ls2cfv84snr2930nxj98ajcs2h9q04px-fastfetch-2.46.0"
      },
      "system": "x86_64-linux",
      "group": "toplevel",
      "priority": 5
    },
    {
      "attr_path": "git-lfs",
      "broken": false,
      "derivation": "/nix/store/bqbmqszi6irigq5zaca047217ll6h724-git-lfs-3.6.1.drv",
      "description": "Git extension for versioning large files",
      "install_id": "git-lfs",
      "license": "MIT",
      "locked_url": "https://github.com/flox/nixpkgs?rev=30e2e2857ba47844aa71991daa6ed1fc678bcbb7",
      "name": "git-lfs-3.6.1",
      "pname": "git-lfs",
      "rev": "30e2e2857ba47844aa71991daa6ed1fc678bcbb7",
      "rev_count": 822156,
      "rev_date": "2025-06-27T08:03:01Z",
      "scrape_date": "2025-06-29T04:56:14.486406Z",
      "stabilities": [
        "unstable"
      ],
      "unfree": false,
      "version": "3.6.1",
      "outputs_to_install": [
        "out"
      ],
      "outputs": {
        "out": "/nix/store/6kmlpna2ncr6w6z5ww75az0yp7h9hllr-git-lfs-3.6.1"
      },
      "system": "aarch64-darwin",
      "group": "toplevel",
      "priority": 5
    },
    {
      "attr_path": "git-lfs",
      "broken": false,
      "derivation": "/nix/store/h0vpr3vdlznjnsblizv0fmh7wdqwzwds-git-lfs-3.6.1.drv",
      "description": "Git extension for versioning large files",
      "install_id": "git-lfs",
      "license": "MIT",
      "locked_url": "https://github.com/flox/nixpkgs?rev=30e2e2857ba47844aa71991daa6ed1fc678bcbb7",
      "name": "git-lfs-3.6.1",
      "pname": "git-lfs",
      "rev": "30e2e2857ba47844aa71991daa6ed1fc678bcbb7",
      "rev_count": 822156,
      "rev_date": "2025-06-27T08:03:01Z",
      "scrape_date": "2025-06-29T05:19:54.652106Z",
      "stabilities": [
        "unstable"
      ],
      "unfree": false,
      "version": "3.6.1",
      "outputs_to_install": [
        "out"
      ],
      "outputs": {
        "out": "/nix/store/g0zbv332lrqpw768s318cjmbcay64j07-git-lfs-3.6.1"
      },
      "system": "aarch64-linux",
      "group": "toplevel",
      "priority": 5
    },
    {
      "attr_path": "git-lfs",
      "broken": false,
      "derivation": "/nix/store/dvbsxjscmji581cv89abg53i3546p205-git-lfs-3.6.1.drv",
      "description": "Git extension for versioning large files",
      "install_id": "git-lfs",
      "license": "MIT",
      "locked_url": "https://github.com/flox/nixpkgs?rev=30e2e2857ba47844aa71991daa6ed1fc678bcbb7",
      "name": "git-lfs-3.6.1",
      "pname": "git-lfs",
      "rev": "30e2e2857ba47844aa71991daa6ed1fc678bcbb7",
      "rev_count": 822156,
      "rev_date": "2025-06-27T08:03:01Z",
      "scrape_date": "2025-06-29T05:38:13.078500Z",
      "stabilities": [
        "unstable"
      ],
      "unfree": false,
      "version": "3.6.1",
      "outputs_to_install": [
        "out"
      ],
      "outputs": {
        "out": "/nix/store/bwzj308yl5524p26g4yd7yhdw2pgmbw9-git-lfs-3.6.1"
      },
      "system": "x86_64-darwin",
      "group": "toplevel",
      "priority": 5
    },
    {
      "attr_path": "git-lfs",
      "broken": false,
      "derivation": "/nix/store/5mfl1kgxl2wxrbs34lkwm6742a4n62hr-git-lfs-3.6.1.drv",
      "description": "Git extension for versioning large files",
      "install_id": "git-lfs",
      "license": "MIT",
      "locked_url": "https://github.com/flox/nixpkgs?rev=30e2e2857ba47844aa71991daa6ed1fc678bcbb7",
      "name": "git-lfs-3.6.1",
      "pname": "git-lfs",
      "rev": "30e2e2857ba47844aa71991daa6ed1fc678bcbb7",
      "rev_count": 822156,
      "rev_date": "2025-06-27T08:03:01Z",
      "scrape_date": "2025-06-29T06:00:02.922790Z",
      "stabilities": [
        "unstable"
      ],
      "unfree": false,
      "version": "3.6.1",
      "outputs_to_install": [
        "out"
      ],
      "outputs": {
        "out": "/nix/store/nygfbkv0j6fvwwa82mdwxm4qfiq3p4q2-git-lfs-3.6.1"
      },
      "system": "x86_64-linux",
      "group": "toplevel",
      "priority": 5
    },
    {
      "attr_path": "hidden-bar",
      "broken": false,
      "derivation": "/nix/store/0sw50nwx58pla7fq241g17rj430b2axh-hidden-bar-1.9.drv",
      "description": "Ultra-light MacOS utility that helps hide menu bar icons",
      "install_id": "hidden-bar",
      "license": "MIT",
      "locked_url": "https://github.com/flox/nixpkgs?rev=30e2e2857ba47844aa71991daa6ed1fc678bcbb7",
      "name": "hidden-bar-1.9",
      "pname": "hidden-bar",
      "rev": "30e2e2857ba47844aa71991daa6ed1fc678bcbb7",
      "rev_count": 822156,
      "rev_date": "2025-06-27T08:03:01Z",
      "scrape_date": "2025-06-29T04:56:14.773778Z",
      "stabilities": [
        "unstable"
      ],
      "unfree": false,
      "version": "1.9",
      "outputs_to_install": [
        "out"
      ],
      "outputs": {
        "out": "/nix/store/1wmnbirxnc91j993afis22n378n6qc9c-hidden-bar-1.9"
      },
      "system": "aarch64-darwin",
      "group": "toplevel",
      "priority": 5
    },
    {
      "attr_path": "hidden-bar",
      "broken": false,
      "derivation": "/nix/store/1csbpz9acbjxpkaxj31x1f28d9x08fv8-hidden-bar-1.9.drv",
      "description": "Ultra-light MacOS utility that helps hide menu bar icons",
      "install_id": "hidden-bar",
      "license": "MIT",
      "locked_url": "https://github.com/flox/nixpkgs?rev=30e2e2857ba47844aa71991daa6ed1fc678bcbb7",
      "name": "hidden-bar-1.9",
      "pname": "hidden-bar",
      "rev": "30e2e2857ba47844aa71991daa6ed1fc678bcbb7",
      "rev_count": 822156,
      "rev_date": "2025-06-27T08:03:01Z",
      "scrape_date": "2025-06-29T05:38:13.393947Z",
      "stabilities": [
        "unstable"
      ],
      "unfree": false,
      "version": "1.9",
      "outputs_to_install": [
        "out"
      ],
      "outputs": {
        "out": "/nix/store/dslrwh7cga2i5yv98nskh1ijrg68ccc4-hidden-bar-1.9"
      },
      "system": "x86_64-darwin",
      "group": "toplevel",
      "priority": 5
    },
    {
      "attr_path": "neovim",
      "broken": false,
      "derivation": "/nix/store/d85iydmp7929aww5n1i35mvf1vn94xfh-neovim-0.11.2.drv",
      "description": "Vim text editor fork focused on extensibility and agility",
      "install_id": "neovim",
      "license": "[ Apache-2.0, Vim ]",
      "locked_url": "https://github.com/flox/nixpkgs?rev=30e2e2857ba47844aa71991daa6ed1fc678bcbb7",
      "name": "neovim-0.11.2",
      "pname": "neovim",
      "rev": "30e2e2857ba47844aa71991daa6ed1fc678bcbb7",
      "rev_count": 822156,
      "rev_date": "2025-06-27T08:03:01Z",
      "scrape_date": "2025-06-29T04:56:16.903662Z",
      "stabilities": [
        "unstable"
      ],
      "unfree": false,
      "version": "0.11.2",
      "outputs_to_install": [
        "out"
      ],
      "outputs": {
        "out": "/nix/store/hgfn7jmx0ynk73nibw355r0salw8nxg2-neovim-0.11.2"
      },
      "system": "aarch64-darwin",
      "group": "toplevel",
      "priority": 5
    },
    {
      "attr_path": "neovim",
      "broken": false,
      "derivation": "/nix/store/zhlf4idgcysgk7vhv35bl4d1krvgr4zw-neovim-0.11.2.drv",
      "description": "Vim text editor fork focused on extensibility and agility",
      "install_id": "neovim",
      "license": "[ Apache-2.0, Vim ]",
      "locked_url": "https://github.com/flox/nixpkgs?rev=30e2e2857ba47844aa71991daa6ed1fc678bcbb7",
      "name": "neovim-0.11.2",
      "pname": "neovim",
      "rev": "30e2e2857ba47844aa71991daa6ed1fc678bcbb7",
      "rev_count": 822156,
      "rev_date": "2025-06-27T08:03:01Z",
      "scrape_date": "2025-06-29T05:20:03.800267Z",
      "stabilities": [
        "unstable"
      ],
      "unfree": false,
      "version": "0.11.2",
      "outputs_to_install": [
        "out"
      ],
      "outputs": {
        "out": "/nix/store/f42fl9f8pb2rvcw612b913qq63c5pzpn-neovim-0.11.2"
      },
      "system": "aarch64-linux",
      "group": "toplevel",
      "priority": 5
    },
    {
      "attr_path": "neovim",
      "broken": false,
      "derivation": "/nix/store/lgy33xp6wfvqzwv44gg0yf6smrnr07bp-neovim-0.11.2.drv",
      "description": "Vim text editor fork focused on extensibility and agility",
      "install_id": "neovim",
      "license": "[ Apache-2.0, Vim ]",
      "locked_url": "https://github.com/flox/nixpkgs?rev=30e2e2857ba47844aa71991daa6ed1fc678bcbb7",
      "name": "neovim-0.11.2",
      "pname": "neovim",
      "rev": "30e2e2857ba47844aa71991daa6ed1fc678bcbb7",
      "rev_count": 822156,
      "rev_date": "2025-06-27T08:03:01Z",
      "scrape_date": "2025-06-29T05:38:15.495580Z",
      "stabilities": [
        "unstable"
      ],
      "unfree": false,
      "version": "0.11.2",
      "outputs_to_install": [
        "out"
      ],
      "outputs": {
        "out": "/nix/store/x51igpf932qqf00y4x683h4frib1imma-neovim-0.11.2"
      },
      "system": "x86_64-darwin",
      "group": "toplevel",
      "priority": 5
    },
    {
      "attr_path": "neovim",
      "broken": false,
      "derivation": "/nix/store/0210q74h7h42k9k1bbhx8kxx497x4kai-neovim-0.11.2.drv",
      "description": "Vim text editor fork focused on extensibility and agility",
      "install_id": "neovim",
      "license": "[ Apache-2.0, Vim ]",
      "locked_url": "https://github.com/flox/nixpkgs?rev=30e2e2857ba47844aa71991daa6ed1fc678bcbb7",
      "name": "neovim-0.11.2",
      "pname": "neovim",
      "rev": "30e2e2857ba47844aa71991daa6ed1fc678bcbb7",
      "rev_count": 822156,
      "rev_date": "2025-06-27T08:03:01Z",
      "scrape_date": "2025-06-29T06:00:14.002869Z",
      "stabilities": [
        "unstable"
      ],
      "unfree": false,
      "version": "0.11.2",
      "outputs_to_install": [
        "out"
      ],
      "outputs": {
        "out": "/nix/store/43jciqmw1cyyhbvyzbk4mc0f4cfwx5yf-neovim-0.11.2"
      },
      "system": "x86_64-linux",
      "group": "toplevel",
      "priority": 5
    },
    {
      "attr_path": "oh-my-posh",
      "broken": false,
      "derivation": "/nix/store/44ns1riwbzbzgydymmziy9rwqc8kvvl5-oh-my-posh-26.8.0.drv",
      "description": "Prompt theme engine for any shell",
      "install_id": "oh-my-posh",
      "license": "MIT",
      "locked_url": "https://github.com/flox/nixpkgs?rev=30e2e2857ba47844aa71991daa6ed1fc678bcbb7",
      "name": "oh-my-posh-26.8.0",
      "pname": "oh-my-posh",
      "rev": "30e2e2857ba47844aa71991daa6ed1fc678bcbb7",
      "rev_count": 822156,
      "rev_date": "2025-06-27T08:03:01Z",
      "scrape_date": "2025-06-29T04:56:17.883580Z",
      "stabilities": [
        "unstable"
      ],
      "unfree": false,
      "version": "26.8.0",
      "outputs_to_install": [
        "out"
      ],
      "outputs": {
        "out": "/nix/store/p4llkly49a5vsviqmyv0gxjagc8xlx95-oh-my-posh-26.8.0"
      },
      "system": "aarch64-darwin",
      "group": "toplevel",
      "priority": 5
    },
    {
      "attr_path": "oh-my-posh",
      "broken": false,
      "derivation": "/nix/store/6fgipgdnhc64xfsja63d1x17ds51wkb3-oh-my-posh-26.8.0.drv",
      "description": "Prompt theme engine for any shell",
      "install_id": "oh-my-posh",
      "license": "MIT",
      "locked_url": "https://github.com/flox/nixpkgs?rev=30e2e2857ba47844aa71991daa6ed1fc678bcbb7",
      "name": "oh-my-posh-26.8.0",
      "pname": "oh-my-posh",
      "rev": "30e2e2857ba47844aa71991daa6ed1fc678bcbb7",
      "rev_count": 822156,
      "rev_date": "2025-06-27T08:03:01Z",
      "scrape_date": "2025-06-29T05:20:05.621947Z",
      "stabilities": [
        "unstable"
      ],
      "unfree": false,
      "version": "26.8.0",
      "outputs_to_install": [
        "out"
      ],
      "outputs": {
        "out": "/nix/store/jsg6vwvgngbhs68p76nj6y5ws8m2pssr-oh-my-posh-26.8.0"
      },
      "system": "aarch64-linux",
      "group": "toplevel",
      "priority": 5
    },
    {
      "attr_path": "oh-my-posh",
      "broken": false,
      "derivation": "/nix/store/86avrfyr5c8ckl4cnmwzjwdf8d6phinh-oh-my-posh-26.8.0.drv",
      "description": "Prompt theme engine for any shell",
      "install_id": "oh-my-posh",
      "license": "MIT",
      "locked_url": "https://github.com/flox/nixpkgs?rev=30e2e2857ba47844aa71991daa6ed1fc678bcbb7",
      "name": "oh-my-posh-26.8.0",
      "pname": "oh-my-posh",
      "rev": "30e2e2857ba47844aa71991daa6ed1fc678bcbb7",
      "rev_count": 822156,
      "rev_date": "2025-06-27T08:03:01Z",
      "scrape_date": "2025-06-29T05:38:16.438445Z",
      "stabilities": [
        "unstable"
      ],
      "unfree": false,
      "version": "26.8.0",
      "outputs_to_install": [
        "out"
      ],
      "outputs": {
        "out": "/nix/store/w1db2g6hmw0mri4fbnlhpbs7lpx6li33-oh-my-posh-26.8.0"
      },
      "system": "x86_64-darwin",
      "group": "toplevel",
      "priority": 5
    },
    {
      "attr_path": "oh-my-posh",
      "broken": false,
      "derivation": "/nix/store/kdi0c7dpwfpcj4cspdig2lwj60xjnnig-oh-my-posh-26.8.0.drv",
      "description": "Prompt theme engine for any shell",
      "install_id": "oh-my-posh",
      "license": "MIT",
      "locked_url": "https://github.com/flox/nixpkgs?rev=30e2e2857ba47844aa71991daa6ed1fc678bcbb7",
      "name": "oh-my-posh-26.8.0",
      "pname": "oh-my-posh",
      "rev": "30e2e2857ba47844aa71991daa6ed1fc678bcbb7",
      "rev_count": 822156,
      "rev_date": "2025-06-27T08:03:01Z",
      "scrape_date": "2025-06-29T06:00:16.064805Z",
      "stabilities": [
        "unstable"
      ],
      "unfree": false,
      "version": "26.8.0",
      "outputs_to_install": [
        "out"
      ],
      "outputs": {
        "out": "/nix/store/n0hjhmf90j2ksaw7kmwimr2h8j433wpw-oh-my-posh-26.8.0"
      },
      "system": "x86_64-linux",
      "group": "toplevel",
      "priority": 5
    },
    {
      "attr_path": "openssl",
      "broken": false,
      "derivation": "/nix/store/ygyb6dskcawjmq1x0l226dcpxpd078mi-openssl-3.4.1.drv",
      "description": "Cryptographic library that implements the SSL and TLS protocols",
      "install_id": "openssl",
      "license": "Apache-2.0",
      "locked_url": "https://github.com/flox/nixpkgs?rev=30e2e2857ba47844aa71991daa6ed1fc678bcbb7",
      "name": "openssl-3.4.1",
      "pname": "openssl",
      "rev": "30e2e2857ba47844aa71991daa6ed1fc678bcbb7",
      "rev_count": 822156,
      "rev_date": "2025-06-27T08:03:01Z",
      "scrape_date": "2025-06-29T04:56:18.006850Z",
      "stabilities": [
        "unstable"
      ],
      "unfree": false,
      "version": "3.4.1",
      "outputs_to_install": [
        "bin",
        "man"
      ],
      "outputs": {
        "bin": "/nix/store/yjxj5bpfbk3zbzzppsa1gw2zpqdl76g6-openssl-3.4.1-bin",
        "dev": "/nix/store/pyjj2zrlba1nzidhmx3h1bg7m9h8i5kx-openssl-3.4.1-dev",
        "doc": "/nix/store/rwh29249446lm391bs9sn3wlhq0ii03x-openssl-3.4.1-doc",
        "man": "/nix/store/466h30rmlqs0sm41723y89jiag875i14-openssl-3.4.1-man",
        "out": "/nix/store/7fqm5r0kdy21fdblcl1x4zm63wl12bjj-openssl-3.4.1"
      },
      "system": "aarch64-darwin",
      "group": "toplevel",
      "priority": 5
    },
    {
      "attr_path": "openssl",
      "broken": false,
      "derivation": "/nix/store/p7gbjnca6xkw4asgvag9cw7g9prv4hq0-openssl-3.4.1.drv",
      "description": "Cryptographic library that implements the SSL and TLS protocols",
      "install_id": "openssl",
      "license": "Apache-2.0",
      "locked_url": "https://github.com/flox/nixpkgs?rev=30e2e2857ba47844aa71991daa6ed1fc678bcbb7",
      "name": "openssl-3.4.1",
      "pname": "openssl",
      "rev": "30e2e2857ba47844aa71991daa6ed1fc678bcbb7",
      "rev_count": 822156,
      "rev_date": "2025-06-27T08:03:01Z",
      "scrape_date": "2025-06-29T05:20:05.939570Z",
      "stabilities": [
        "unstable"
      ],
      "unfree": false,
      "version": "3.4.1",
      "outputs_to_install": [
        "bin",
        "man"
      ],
      "outputs": {
        "bin": "/nix/store/1dzv5xbywjk2v54b6p19r5y3lcb4r6fz-openssl-3.4.1-bin",
        "debug": "/nix/store/ipjrwlhhzka9yy6nzwy8lwlr2z5y8ncy-openssl-3.4.1-debug",
        "dev": "/nix/store/m0m01vvvldrm3pjnljq3mkbqla69wkn2-openssl-3.4.1-dev",
        "doc": "/nix/store/isr7j8bd0vp3kxvbs3mglggwifq2pavj-openssl-3.4.1-doc",
        "man": "/nix/store/8b9in6lckw7q0bpcb43c2wby0y6q49g8-openssl-3.4.1-man",
        "out": "/nix/store/62q1diax2vlil01yjhmlk92pqsczxshh-openssl-3.4.1"
      },
      "system": "aarch64-linux",
      "group": "toplevel",
      "priority": 5
    },
    {
      "attr_path": "openssl",
      "broken": false,
      "derivation": "/nix/store/rfb4v1wa10w8jmfjah9hilkls6sqafbs-openssl-3.4.1.drv",
      "description": "Cryptographic library that implements the SSL and TLS protocols",
      "install_id": "openssl",
      "license": "Apache-2.0",
      "locked_url": "https://github.com/flox/nixpkgs?rev=30e2e2857ba47844aa71991daa6ed1fc678bcbb7",
      "name": "openssl-3.4.1",
      "pname": "openssl",
      "rev": "30e2e2857ba47844aa71991daa6ed1fc678bcbb7",
      "rev_count": 822156,
      "rev_date": "2025-06-27T08:03:01Z",
      "scrape_date": "2025-06-29T05:38:16.560835Z",
      "stabilities": [
        "unstable"
      ],
      "unfree": false,
      "version": "3.4.1",
      "outputs_to_install": [
        "bin",
        "man"
      ],
      "outputs": {
        "bin": "/nix/store/kg693dks4a4020gjn19j6258i1y7p08j-openssl-3.4.1-bin",
        "dev": "/nix/store/0x4nq0wysddxs5pa67bcs9lm81pb7hpr-openssl-3.4.1-dev",
        "doc": "/nix/store/zmfpyjkgag60c75iib59icd523wij37x-openssl-3.4.1-doc",
        "man": "/nix/store/ah3vnzbbr1f07d5k5s93qs4w3xbsl3ni-openssl-3.4.1-man",
        "out": "/nix/store/amqg089xb80yk48m8shsq4d4asg3b9bd-openssl-3.4.1"
      },
      "system": "x86_64-darwin",
      "group": "toplevel",
      "priority": 5
    },
    {
      "attr_path": "openssl",
      "broken": false,
      "derivation": "/nix/store/63n3zz7w2psj1mqdk965lh4g1jbxhaf8-openssl-3.4.1.drv",
      "description": "Cryptographic library that implements the SSL and TLS protocols",
      "install_id": "openssl",
      "license": "Apache-2.0",
      "locked_url": "https://github.com/flox/nixpkgs?rev=30e2e2857ba47844aa71991daa6ed1fc678bcbb7",
      "name": "openssl-3.4.1",
      "pname": "openssl",
      "rev": "30e2e2857ba47844aa71991daa6ed1fc678bcbb7",
      "rev_count": 822156,
      "rev_date": "2025-06-27T08:03:01Z",
      "scrape_date": "2025-06-29T06:00:16.433225Z",
      "stabilities": [
        "unstable"
      ],
      "unfree": false,
      "version": "3.4.1",
      "outputs_to_install": [
        "bin",
        "man"
      ],
      "outputs": {
        "bin": "/nix/store/74k8qwbfa6lm8psm2vjh2vj04fpr6c5g-openssl-3.4.1-bin",
        "debug": "/nix/store/bw850rrwlphqyp6xi08nv5c24dly7glp-openssl-3.4.1-debug",
        "dev": "/nix/store/k0699a27nkj4c2xn67bjcpfa08nqn9l4-openssl-3.4.1-dev",
        "doc": "/nix/store/p5cxin74s68cm3i3p799gdx8s5wlfv15-openssl-3.4.1-doc",
        "man": "/nix/store/shm46nzsw9w122ij46y59br44p18lb0l-openssl-3.4.1-man",
        "out": "/nix/store/byx7ahs386pskh8d5sdkrkpscfz9yyjp-openssl-3.4.1"
      },
      "system": "x86_64-linux",
      "group": "toplevel",
      "priority": 5
    },
    {
      "attr_path": "ripgrep",
      "broken": false,
      "derivation": "/nix/store/7c17l5wgin8r5b916xasf2gia7h4drzc-ripgrep-14.1.1.drv",
      "description": "Utility that combines the usability of The Silver Searcher with the raw speed of grep",
      "install_id": "ripgrep",
      "license": "[ Unlicense, MIT ]",
      "locked_url": "https://github.com/flox/nixpkgs?rev=30e2e2857ba47844aa71991daa6ed1fc678bcbb7",
      "name": "ripgrep-14.1.1",
      "pname": "ripgrep",
      "rev": "30e2e2857ba47844aa71991daa6ed1fc678bcbb7",
      "rev_count": 822156,
      "rev_date": "2025-06-27T08:03:01Z",
      "scrape_date": "2025-06-29T04:56:44.665316Z",
      "stabilities": [
        "unstable"
      ],
      "unfree": false,
      "version": "14.1.1",
      "outputs_to_install": [
        "out"
      ],
      "outputs": {
        "out": "/nix/store/xygyyr4jqazmdmqf9x5pqkxnkcp9w0h8-ripgrep-14.1.1"
      },
      "system": "aarch64-darwin",
      "group": "toplevel",
      "priority": 5
    },
    {
      "attr_path": "ripgrep",
      "broken": false,
      "derivation": "/nix/store/zrjf0bsxc2ml5l311vq89rq8b398zj3h-ripgrep-14.1.1.drv",
      "description": "Utility that combines the usability of The Silver Searcher with the raw speed of grep",
      "install_id": "ripgrep",
      "license": "[ Unlicense, MIT ]",
      "locked_url": "https://github.com/flox/nixpkgs?rev=30e2e2857ba47844aa71991daa6ed1fc678bcbb7",
      "name": "ripgrep-14.1.1",
      "pname": "ripgrep",
      "rev": "30e2e2857ba47844aa71991daa6ed1fc678bcbb7",
      "rev_count": 822156,
      "rev_date": "2025-06-27T08:03:01Z",
      "scrape_date": "2025-06-29T05:20:45.375402Z",
      "stabilities": [
        "unstable"
      ],
      "unfree": false,
      "version": "14.1.1",
      "outputs_to_install": [
        "out"
      ],
      "outputs": {
        "out": "/nix/store/7sbb7svbf8i6ffyyygn8siak2mbync0l-ripgrep-14.1.1"
      },
      "system": "aarch64-linux",
      "group": "toplevel",
      "priority": 5
    },
    {
      "attr_path": "ripgrep",
      "broken": false,
      "derivation": "/nix/store/lzkw7xdsbxpk74bqyjlw2v9fd25fying-ripgrep-14.1.1.drv",
      "description": "Utility that combines the usability of The Silver Searcher with the raw speed of grep",
      "install_id": "ripgrep",
      "license": "[ Unlicense, MIT ]",
      "locked_url": "https://github.com/flox/nixpkgs?rev=30e2e2857ba47844aa71991daa6ed1fc678bcbb7",
      "name": "ripgrep-14.1.1",
      "pname": "ripgrep",
      "rev": "30e2e2857ba47844aa71991daa6ed1fc678bcbb7",
      "rev_count": 822156,
      "rev_date": "2025-06-27T08:03:01Z",
      "scrape_date": "2025-06-29T05:38:42.442237Z",
      "stabilities": [
        "unstable"
      ],
      "unfree": false,
      "version": "14.1.1",
      "outputs_to_install": [
        "out"
      ],
      "outputs": {
        "out": "/nix/store/p1avxlcrjpk93mfbzbkbwgcgxyj0avlc-ripgrep-14.1.1"
      },
      "system": "x86_64-darwin",
      "group": "toplevel",
      "priority": 5
    },
    {
      "attr_path": "ripgrep",
      "broken": false,
      "derivation": "/nix/store/4agcpn8r3l24qd37a5m5xpzgdafgl3iz-ripgrep-14.1.1.drv",
      "description": "Utility that combines the usability of The Silver Searcher with the raw speed of grep",
      "install_id": "ripgrep",
      "license": "[ Unlicense, MIT ]",
      "locked_url": "https://github.com/flox/nixpkgs?rev=30e2e2857ba47844aa71991daa6ed1fc678bcbb7",
      "name": "ripgrep-14.1.1",
      "pname": "ripgrep",
      "rev": "30e2e2857ba47844aa71991daa6ed1fc678bcbb7",
      "rev_count": 822156,
      "rev_date": "2025-06-27T08:03:01Z",
      "scrape_date": "2025-06-29T06:00:58.872377Z",
      "stabilities": [
        "unstable"
      ],
      "unfree": false,
      "version": "14.1.1",
      "outputs_to_install": [
        "out"
      ],
      "outputs": {
        "out": "/nix/store/w2m5zrz3sla0bz1fmq2z9r2p0jbz4n9j-ripgrep-14.1.1"
      },
      "system": "x86_64-linux",
      "group": "toplevel",
      "priority": 5
    },
    {
      "attr_path": "tree-sitter",
      "broken": false,
      "derivation": "/nix/store/qlpi32ra0f8z3p2131yixld1a3xbk40n-tree-sitter-0.25.4.drv",
      "description": "Parser generator tool and an incremental parsing library",
      "install_id": "tree-sitter",
      "license": "MIT",
      "locked_url": "https://github.com/flox/nixpkgs?rev=30e2e2857ba47844aa71991daa6ed1fc678bcbb7",
      "name": "tree-sitter-0.25.4",
      "pname": "tree-sitter",
      "rev": "30e2e2857ba47844aa71991daa6ed1fc678bcbb7",
      "rev_count": 822156,
      "rev_date": "2025-06-27T08:03:01Z",
      "scrape_date": "2025-06-29T04:57:07.143797Z",
      "stabilities": [
        "unstable"
      ],
      "unfree": false,
      "version": "0.25.4",
      "outputs_to_install": [
        "out"
      ],
      "outputs": {
        "out": "/nix/store/d390wk6c2rj3357f945ynxdxy2h4z1qh-tree-sitter-0.25.4"
      },
      "system": "aarch64-darwin",
      "group": "toplevel",
      "priority": 5
    },
    {
      "attr_path": "tree-sitter",
      "broken": false,
      "derivation": "/nix/store/0882qh966qgpsyahcpcp3pny3rj6jhq6-tree-sitter-0.25.4.drv",
      "description": "Parser generator tool and an incremental parsing library",
      "install_id": "tree-sitter",
      "license": "MIT",
      "locked_url": "https://github.com/flox/nixpkgs?rev=30e2e2857ba47844aa71991daa6ed1fc678bcbb7",
      "name": "tree-sitter-0.25.4",
      "pname": "tree-sitter",
      "rev": "30e2e2857ba47844aa71991daa6ed1fc678bcbb7",
      "rev_count": 822156,
      "rev_date": "2025-06-27T08:03:01Z",
      "scrape_date": "2025-06-29T05:21:14.916495Z",
      "stabilities": [
        "unstable"
      ],
      "unfree": false,
      "version": "0.25.4",
      "outputs_to_install": [
        "out"
      ],
      "outputs": {
        "out": "/nix/store/8kzf7myyqjw9akhl9hmbsrkdcd962cnj-tree-sitter-0.25.4"
      },
      "system": "aarch64-linux",
      "group": "toplevel",
      "priority": 5
    },
    {
      "attr_path": "tree-sitter",
      "broken": false,
      "derivation": "/nix/store/pd5x44kb4lapaz5k3fi3jjzirzrfz4xg-tree-sitter-0.25.4.drv",
      "description": "Parser generator tool and an incremental parsing library",
      "install_id": "tree-sitter",
      "license": "MIT",
      "locked_url": "https://github.com/flox/nixpkgs?rev=30e2e2857ba47844aa71991daa6ed1fc678bcbb7",
      "name": "tree-sitter-0.25.4",
      "pname": "tree-sitter",
      "rev": "30e2e2857ba47844aa71991daa6ed1fc678bcbb7",
      "rev_count": 822156,
      "rev_date": "2025-06-27T08:03:01Z",
      "scrape_date": "2025-06-29T05:39:04.352199Z",
      "stabilities": [
        "unstable"
      ],
      "unfree": false,
      "version": "0.25.4",
      "outputs_to_install": [
        "out"
      ],
      "outputs": {
        "out": "/nix/store/pjkvkwnyxprhij0vlkhpq543xxw6ipxj-tree-sitter-0.25.4"
      },
      "system": "x86_64-darwin",
      "group": "toplevel",
      "priority": 5
    },
    {
      "attr_path": "tree-sitter",
      "broken": false,
      "derivation": "/nix/store/8lv6cabp31jyydkqpdx8h96d5wmhkrmm-tree-sitter-0.25.4.drv",
      "description": "Parser generator tool and an incremental parsing library",
      "install_id": "tree-sitter",
      "license": "MIT",
      "locked_url": "https://github.com/flox/nixpkgs?rev=30e2e2857ba47844aa71991daa6ed1fc678bcbb7",
      "name": "tree-sitter-0.25.4",
      "pname": "tree-sitter",
      "rev": "30e2e2857ba47844aa71991daa6ed1fc678bcbb7",
      "rev_count": 822156,
      "rev_date": "2025-06-27T08:03:01Z",
      "scrape_date": "2025-06-29T06:01:30.788287Z",
      "stabilities": [
        "unstable"
      ],
      "unfree": false,
      "version": "0.25.4",
      "outputs_to_install": [
        "out"
      ],
      "outputs": {
        "out": "/nix/store/sf1q28y9sxjhrgysman2nq8j6rva800x-tree-sitter-0.25.4"
      },
      "system": "x86_64-linux",
      "group": "toplevel",
      "priority": 5
    },
    {
      "attr_path": "utf8proc",
      "broken": false,
      "derivation": "/nix/store/nzvg5ymb4hfv7w0z6qmif2s3krn9dhcv-utf8proc-2.10.0.drv",
      "description": "Clean C library for processing UTF-8 Unicode data",
      "install_id": "utf8proc",
      "license": "MIT",
      "locked_url": "https://github.com/flox/nixpkgs?rev=30e2e2857ba47844aa71991daa6ed1fc678bcbb7",
      "name": "utf8proc-2.10.0",
      "pname": "utf8proc",
      "rev": "30e2e2857ba47844aa71991daa6ed1fc678bcbb7",
      "rev_count": 822156,
      "rev_date": "2025-06-27T08:03:01Z",
      "scrape_date": "2025-06-29T04:57:14.137742Z",
      "stabilities": [
        "unstable"
      ],
      "unfree": false,
      "version": "2.10.0",
      "outputs_to_install": [
        "out"
      ],
      "outputs": {
        "out": "/nix/store/h7fxi2x8hiynzlcnrj71grxzfyhfrzn1-utf8proc-2.10.0"
      },
      "system": "aarch64-darwin",
      "group": "toplevel",
      "priority": 5
    },
    {
      "attr_path": "utf8proc",
      "broken": false,
      "derivation": "/nix/store/9rcnqwpw49wh93y0xjl1iv5liqdfkjqz-utf8proc-2.10.0.drv",
      "description": "Clean C library for processing UTF-8 Unicode data",
      "install_id": "utf8proc",
      "license": "MIT",
      "locked_url": "https://github.com/flox/nixpkgs?rev=30e2e2857ba47844aa71991daa6ed1fc678bcbb7",
      "name": "utf8proc-2.10.0",
      "pname": "utf8proc",
      "rev": "30e2e2857ba47844aa71991daa6ed1fc678bcbb7",
      "rev_count": 822156,
      "rev_date": "2025-06-27T08:03:01Z",
      "scrape_date": "2025-06-29T05:21:23.064179Z",
      "stabilities": [
        "unstable"
      ],
      "unfree": false,
      "version": "2.10.0",
      "outputs_to_install": [
        "out"
      ],
      "outputs": {
        "out": "/nix/store/s58p6kpidc2x99gq0nmslki0klrka10l-utf8proc-2.10.0"
      },
      "system": "aarch64-linux",
      "group": "toplevel",
      "priority": 5
    },
    {
      "attr_path": "utf8proc",
      "broken": false,
      "derivation": "/nix/store/hdra6xv9fhk3mrsdr8nkvraq390f8rsf-utf8proc-2.10.0.drv",
      "description": "Clean C library for processing UTF-8 Unicode data",
      "install_id": "utf8proc",
      "license": "MIT",
      "locked_url": "https://github.com/flox/nixpkgs?rev=30e2e2857ba47844aa71991daa6ed1fc678bcbb7",
      "name": "utf8proc-2.10.0",
      "pname": "utf8proc",
      "rev": "30e2e2857ba47844aa71991daa6ed1fc678bcbb7",
      "rev_count": 822156,
      "rev_date": "2025-06-27T08:03:01Z",
      "scrape_date": "2025-06-29T05:39:10.556797Z",
      "stabilities": [
        "unstable"
      ],
      "unfree": false,
      "version": "2.10.0",
      "outputs_to_install": [
        "out"
      ],
      "outputs": {
        "out": "/nix/store/cfyksv3g3sx0i5c7q2h9y78qrpg88snd-utf8proc-2.10.0"
      },
      "system": "x86_64-darwin",
      "group": "toplevel",
      "priority": 5
    },
    {
      "attr_path": "utf8proc",
      "broken": false,
      "derivation": "/nix/store/pg2qpj0kkjlzi71nx42q49mbk00h691g-utf8proc-2.10.0.drv",
      "description": "Clean C library for processing UTF-8 Unicode data",
      "install_id": "utf8proc",
      "license": "MIT",
      "locked_url": "https://github.com/flox/nixpkgs?rev=30e2e2857ba47844aa71991daa6ed1fc678bcbb7",
      "name": "utf8proc-2.10.0",
      "pname": "utf8proc",
      "rev": "30e2e2857ba47844aa71991daa6ed1fc678bcbb7",
      "rev_count": 822156,
      "rev_date": "2025-06-27T08:03:01Z",
      "scrape_date": "2025-06-29T06:01:39.443513Z",
      "stabilities": [
        "unstable"
      ],
      "unfree": false,
      "version": "2.10.0",
      "outputs_to_install": [
        "out"
      ],
      "outputs": {
        "out": "/nix/store/g3jnfsi3msnwn1kpss01h7499spnxpj2-utf8proc-2.10.0"
      },
      "system": "x86_64-linux",
      "group": "toplevel",
      "priority": 5
    }
  ]
}